<?xml version="1.0" encoding="utf-8"?>
<Project ToolsVersion="4.0" xmlns="http://schemas.microsoft.com/developer/msbuild/2003">
  <ItemGroup>
    <Filter Include="Source Files">
      <UniqueIdentifier>{4FC737F1-C7A5-4376-A066-2A32D752A2FF}</UniqueIdentifier>
      <Extensions>cpp;c;cc;cxx;c++;cppm;ixx;def;odl;idl;hpj;bat;asm;asmx</Extensions>
    </Filter>
    <Filter Include="Header Files">
      <UniqueIdentifier>{93995380-89BD-4b04-88EB-625FBE52EBFB}</UniqueIdentifier>
      <Extensions>h;hh;hpp;hxx;h++;hm;inl;inc;ipp;xsd</Extensions>
    </Filter>
    <Filter Include="Resource Files">
      <UniqueIdentifier>{67DA6AB6-F800-4c08-8B7A-83BB121AAD01}</UniqueIdentifier>
      <Extensions>rc;ico;cur;bmp;dlg;rc2;rct;bin;rgs;gif;jpg;jpeg;jpe;resx;tiff;tif;png;wav;mfcribbon-ms</Extensions>
    </Filter>
  </ItemGroup>
  <ItemGroup>
    <ClCompile Include="test.cpp">
      <Filter>Source Files</Filter>
    </ClCompile>
    <ClCompile Include="test0.cpp">
      <Filter>Source Files</Filter>
    </ClCompile>
    <ClCompile Include="test1.cpp">
      <Filter>Source Files</Filter>
    </ClCompile>
    <ClCompile Include="test2.cpp">
      <Filter>Source Files</Filter>
    </ClCompile>
    <ClCompile Include="test3.cpp">
      <Filter>Source Files</Filter>
    </ClCompile>
    <ClCompile Include="test4.cpp">
      <Filter>Source Files</Filter>
    </ClCompile>
    <ClCompile Include="test5.cpp">
      <Filter>Source Files</Filter>
    </ClCompile>
    <ClCompile Include="test6.cpp">
      <Filter>Source Files</Filter>
    </ClCompile>
    <ClCompile Include="test7.cpp">
      <Filter>Source Files</Filter>
    </ClCompile>
    <ClCompile Include="test8.cpp">
      <Filter>Source Files</Filter>
    </ClCompile>
    <ClCompile Include="test9.cpp">
      <Filter>Source Files</Filter>
    </ClCompile>
    <ClCompile Include="test10.cpp">
      <Filter>Source Files</Filter>
    </ClCompile>
    <ClCompile Include="test11.cpp">
      <Filter>Source Files</Filter>
    </ClCompile>
    <ClCompile Include="test12.cpp">
      <Filter>Source Files</Filter>
    </ClCompile>
    <ClCompile Include="test13.cpp">
      <Filter>Source Files</Filter>
    </ClCompile>
    <ClCompile Include="test14.cpp">
      <Filter>Source Files</Filter>
    </ClCompile>
    <ClCompile Include="test15.cpp">
      <Filter>Source Files</Filter>
    </ClCompile>
    <ClCompile Include="test16.cpp">
      <Filter>Source Files</Filter>
    </ClCompile>
    <ClCompile Include="test17.cpp">
      <Filter>Source Files</Filter>
    </ClCompile>
    <ClCompile Include="test18.cpp">
      <Filter>Source Files</Filter>
    </ClCompile>
    <ClCompile Include="test19.cpp">
      <Filter>Source Files</Filter>
    </ClCompile>
    <ClCompile Include="test20.cpp">
      <Filter>Source Files</Filter>
    </ClCompile>
    <ClCompile Include="test21.cpp">
      <Filter>Source Files</Filter>
    </ClCompile>
    <ClCompile Include="test22.cpp">
      <Filter>Source Files</Filter>
    </ClCompile>
    <ClCompile Include="test23.cpp">
      <Filter>Source Files</Filter>
    </ClCompile>
    <ClCompile Include="test24.cpp">
      <Filter>Source Files</Filter>
    </ClCompile>
  </ItemGroup>
  <ItemGroup>
    <ClInclude Include="..\cjacobian.h">
      <Filter>Header Files</Filter>
    </ClInclude>
    <ClInclude Include="..\ctaylor.h">
      <Filter>Header Files</Filter>
    </ClInclude>
    <ClInclude Include="..\initializer_list.h">
      <Filter>Header Files</Filter>
    </ClInclude>
    <ClInclude Include="..\merge_sorted_sets.h">
      <Filter>Header Files</Filter>
    </ClInclude>
    <ClInclude Include="..\taylor_series_expansions.h">
      <Filter>Header Files</Filter>
    </ClInclude>
    <ClInclude Include="test.h">
      <Filter>Source Files</Filter>
    </ClInclude>
  </ItemGroup>
  <ItemGroup>
    <Text Include="data5.txt">
      <Filter>Resource Files</Filter>
    </Text>
    <Text Include="data6.txt">
      <Filter>Resource Files</Filter>
    </Text>
    <Text Include="data7.txt">
      <Filter>Resource Files</Filter>
    </Text>
    <Text Include="data8.txt">
      <Filter>Resource Files</Filter>
    </Text>
    <Text Include="data9.txt">
      <Filter>Resource Files</Filter>
    </Text>
    <Text Include="maxima5.txt">
      <Filter>Resource Files</Filter>
    </Text>
    <Text Include="maxima6.txt">
      <Filter>Resource Files</Filter>
    </Text>
    <Text Include="maxima7.txt">
      <Filter>Resource Files</Filter>
    </Text>
    <Text Include="maxima8.txt">
      <Filter>Resource Files</Filter>
    </Text>
    <Text Include="maxima9.txt">
      <Filter>Resource Files</Filter>
    </Text>
    <Text Include="data0.txt">
      <Filter>Resource Files</Filter>
    </Text>
    <Text Include="data1.txt">
      <Filter>Resource Files</Filter>
    </Text>
    <Text Include="data2.txt">
      <Filter>Resource Files</Filter>
    </Text>
    <Text Include="data3.txt">
      <Filter>Resource Files</Filter>
    </Text>
    <Text Include="data4.txt">
      <Filter>Resource Files</Filter>
    </Text>
    <Text Include="maxima0.txt">
      <Filter>Resource Files</Filter>
    </Text>
    <Text Include="maxima1.txt">
      <Filter>Resource Files</Filter>
    </Text>
    <Text Include="maxima2.txt">
      <Filter>Resource Files</Filter>
    </Text>
    <Text Include="maxima3.txt">
      <Filter>Resource Files</Filter>
    </Text>
    <Text Include="maxima4.txt">
      <Filter>Resource Files</Filter>
    </Text>
    <Text Include="data10.txt">
      <Filter>Resource Files</Filter>
    </Text>
    <Text Include="data11.txt">
      <Filter>Resource Files</Filter>
    </Text>
    <Text Include="maxima10.txt">
      <Filter>Resource Files</Filter>
    </Text>
    <Text Include="maxima11.txt">
      <Filter>Resource Files</Filter>
    </Text>
    <Text Include="data12.txt">
      <Filter>Resource Files</Filter>
    </Text>
    <Text Include="data13.txt">
      <Filter>Resource Files</Filter>
    </Text>
    <Text Include="data14.txt">
      <Filter>Resource Files</Filter>
    </Text>
    <Text Include="maxima12.txt">
      <Filter>Resource Files</Filter>
    </Text>
    <Text Include="maxima13.txt">
      <Filter>Resource Files</Filter>
    </Text>
    <Text Include="maxima14.txt">
      <Filter>Resource Files</Filter>
    </Text>
    <Text Include="data15.txt">
      <Filter>Resource Files</Filter>
    </Text>
    <Text Include="data16.txt">
      <Filter>Resource Files</Filter>
    </Text>
    <Text Include="data17.txt">
      <Filter>Resource Files</Filter>
    </Text>
    <Text Include="maxima15.txt">
      <Filter>Resource Files</Filter>
    </Text>
    <Text Include="maxima16.txt">
      <Filter>Resource Files</Filter>
    </Text>
    <Text Include="maxima17.txt">
      <Filter>Resource Files</Filter>
    </Text>
    <Text Include="data18.txt">
      <Filter>Resource Files</Filter>
    </Text>
    <Text Include="data19.txt">
      <Filter>Resource Files</Filter>
    </Text>
    <Text Include="data20.txt">
      <Filter>Resource Files</Filter>
    </Text>
    <Text Include="maxima18.txt">
      <Filter>Resource Files</Filter>
    </Text>
    <Text Include="maxima19.txt">
      <Filter>Resource Files</Filter>
    </Text>
    <Text Include="maxima20.txt">
      <Filter>Resource Files</Filter>
    </Text>
    <Text Include="data21.txt">
      <Filter>Resource Files</Filter>
    </Text>
    <Text Include="maxima21.txt">
      <Filter>Resource Files</Filter>
    </Text>
    <Text Include="data22.txt">
      <Filter>Resource Files</Filter>
    </Text>
    <Text Include="maxima22.txt">
      <Filter>Resource Files</Filter>
    </Text>
    <Text Include="data23.txt">
      <Filter>Resource Files</Filter>
    </Text>
    <Text Include="maxima23.txt">
      <Filter>Resource Files</Filter>
    </Text>
    <Text Include="data24.txt">
      <Filter>Resource Files</Filter>
    </Text>
    <Text Include="maxima24.txt">
      <Filter>Resource Files</Filter>
    </Text>
  </ItemGroup>
  <ItemGroup>
    <Page Include="test.xaml">
      <Filter>Source Files</Filter>
    </Page>
  </ItemGroup>
  <ItemGroup>
    <None Include="packages.config" />
    <None Include="..\readme.md">
      <Filter>Resource Files</Filter>
    </None>
  </ItemGroup>
</Project>