
Microsoft Visual Studio Solution File, Format Version 12.00
# Visual Studio Version 17
VisualStudioVersion = 17.11.35312.102
MinimumVisualStudioVersion = 10.0.40219.1
Project("{8BC9CEB8-8B4A-11D0-8D11-00A0C91BC942}") = "ctaylor", "ctaylor.vcxproj", "{61E3E86C-51A5-46D7-9893-FAC3BF365EFD}"
EndProject
Project("{8BC9CEB8-8B4A-11D0-8D11-00A0C91BC942}") = "VBIC95Taylor", "VBIC95\VBIC95.vcxproj", "{F1ECE82A-8355-4CF5-B845-9CD084E155C6}"
EndProject
Project("{8BC9CEB8-8B4A-11D0-8D11-00A0C91BC942}") = "BLACK_SCHOLES", "BLACK_SCHOLES\BLACK_SCHOLES.vcxproj", "{6B66B2B4-D447-4F19-A441-EEF2C87F7144}"
EndProject
Project("{8BC9CEB8-8B4A-11D0-8D11-00A0C91BC942}") = "VBIC95Jac", "VBIC95Jac\VBIC95Jac.vcxproj", "{21FB13C3-24F1-41C7-835C-8CEC96587131}"
EndProject
Project("{2150E333-8FDC-42A3-9474-1A3956D46DE8}") = "Solution Items", "Solution Items", "{9EA42C09-5D2B-418D-ADCA-2E6B8C1D4DB6}"
	ProjectSection(SolutionItems) = preProject
		Directory.Build.props = Directory.Build.props
	EndProjectSection
EndProject
Project("{8BC9CEB8-8B4A-11D0-8D11-00A0C91BC942}") = "cjacobian", "cjacobian\cjacobian.vcxproj", "{10400D7F-D219-4AB2-B686-6C3CC570C3D8}"
EndProject
Project("{8BC9CEB8-8B4A-11D0-8D11-00A0C91BC942}") = "BLACK_SCHOLES_ORIG", "BLACK_SCHOLES_ORIG\BLACK_SCHOLES_ORIG.vcxproj", "{7A9049E8-B8D2-4831-8884-5CCAB849AB4A}"
EndProject
Project("{8BC9CEB8-8B4A-11D0-8D11-00A0C91BC942}") = "logistic_regression", "logistic_regression\logistic_regression.vcxproj", "{9A32B14C-96A0-4625-9294-64C960F4ECDE}"
EndProject
Global
	GlobalSection(SolutionConfigurationPlatforms) = preSolution
		Debug|x64 = Debug|x64
		Debug|x86 = Debug|x86
		Release|x64 = Release|x64
		Release|x86 = Release|x86
	EndGlobalSection
	GlobalSection(ProjectConfigurationPlatforms) = postSolution
		{61E3E86C-51A5-46D7-9893-FAC3BF365EFD}.Debug|x64.ActiveCfg = Debug|x64
		{61E3E86C-51A5-46D7-9893-FAC3BF365EFD}.Debug|x64.Build.0 = Debug|x64
		{61E3E86C-51A5-46D7-9893-FAC3BF365EFD}.Debug|x86.ActiveCfg = Debug|Win32
		{61E3E86C-51A5-46D7-9893-FAC3BF365EFD}.Debug|x86.Build.0 = Debug|Win32
		{61E3E86C-51A5-46D7-9893-FAC3BF365EFD}.Release|x64.ActiveCfg = Release|x64
		{61E3E86C-51A5-46D7-9893-FAC3BF365EFD}.Release|x64.Build.0 = Release|x64
		{61E3E86C-51A5-46D7-9893-FAC3BF365EFD}.Release|x86.ActiveCfg = Release|Win32
		{61E3E86C-51A5-46D7-9893-FAC3BF365EFD}.Release|x86.Build.0 = Release|Win32
		{F1ECE82A-8355-4CF5-B845-9CD084E155C6}.Debug|x64.ActiveCfg = Debug|x64
		{F1ECE82A-8355-4CF5-B845-9CD084E155C6}.Debug|x64.Build.0 = Debug|x64
		{F1ECE82A-8355-4CF5-B845-9CD084E155C6}.Debug|x86.ActiveCfg = Debug|Win32
		{F1ECE82A-8355-4CF5-B845-9CD084E155C6}.Debug|x86.Build.0 = Debug|Win32
		{F1ECE82A-8355-4CF5-B845-9CD084E155C6}.Release|x64.ActiveCfg = Release|x64
		{F1ECE82A-8355-4CF5-B845-9CD084E155C6}.Release|x64.Build.0 = Release|x64
		{F1ECE82A-8355-4CF5-B845-9CD084E155C6}.Release|x86.ActiveCfg = Release|Win32
		{F1ECE82A-8355-4CF5-B845-9CD084E155C6}.Release|x86.Build.0 = Release|Win32
		{6B66B2B4-D447-4F19-A441-EEF2C87F7144}.Debug|x64.ActiveCfg = Debug|x64
		{6B66B2B4-D447-4F19-A441-EEF2C87F7144}.Debug|x64.Build.0 = Debug|x64
		{6B66B2B4-D447-4F19-A441-EEF2C87F7144}.Debug|x86.ActiveCfg = Debug|Win32
		{6B66B2B4-D447-4F19-A441-EEF2C87F7144}.Debug|x86.Build.0 = Debug|Win32
		{6B66B2B4-D447-4F19-A441-EEF2C87F7144}.Release|x64.ActiveCfg = Release|x64
		{6B66B2B4-D447-4F19-A441-EEF2C87F7144}.Release|x64.Build.0 = Release|x64
		{6B66B2B4-D447-4F19-A441-EEF2C87F7144}.Release|x86.ActiveCfg = Release|Win32
		{6B66B2B4-D447-4F19-A441-EEF2C87F7144}.Release|x86.Build.0 = Release|Win32
		{21FB13C3-24F1-41C7-835C-8CEC96587131}.Debug|x64.ActiveCfg = Debug|x64
		{21FB13C3-24F1-41C7-835C-8CEC96587131}.Debug|x64.Build.0 = Debug|x64
		{21FB13C3-24F1-41C7-835C-8CEC96587131}.Debug|x86.ActiveCfg = Debug|Win32
		{21FB13C3-24F1-41C7-835C-8CEC96587131}.Debug|x86.Build.0 = Debug|Win32
		{21FB13C3-24F1-41C7-835C-8CEC96587131}.Release|x64.ActiveCfg = Release|x64
		{21FB13C3-24F1-41C7-835C-8CEC96587131}.Release|x64.Build.0 = Release|x64
		{21FB13C3-24F1-41C7-835C-8CEC96587131}.Release|x86.ActiveCfg = Release|Win32
		{21FB13C3-24F1-41C7-835C-8CEC96587131}.Release|x86.Build.0 = Release|Win32
		{10400D7F-D219-4AB2-B686-6C3CC570C3D8}.Debug|x64.ActiveCfg = Debug|x64
		{10400D7F-D219-4AB2-B686-6C3CC570C3D8}.Debug|x64.Build.0 = Debug|x64
		{10400D7F-D219-4AB2-B686-6C3CC570C3D8}.Debug|x86.ActiveCfg = Debug|Win32
		{10400D7F-D219-4AB2-B686-6C3CC570C3D8}.Debug|x86.Build.0 = Debug|Win32
		{10400D7F-D219-4AB2-B686-6C3CC570C3D8}.Release|x64.ActiveCfg = Release|x64
		{10400D7F-D219-4AB2-B686-6C3CC570C3D8}.Release|x64.Build.0 = Release|x64
		{10400D7F-D219-4AB2-B686-6C3CC570C3D8}.Release|x86.ActiveCfg = Release|Win32
		{10400D7F-D219-4AB2-B686-6C3CC570C3D8}.Release|x86.Build.0 = Release|Win32
		{7A9049E8-B8D2-4831-8884-5CCAB849AB4A}.Debug|x64.ActiveCfg = Debug|x64
		{7A9049E8-B8D2-4831-8884-5CCAB849AB4A}.Debug|x64.Build.0 = Debug|x64
		{7A9049E8-B8D2-4831-8884-5CCAB849AB4A}.Debug|x86.ActiveCfg = Debug|Win32
		{7A9049E8-B8D2-4831-8884-5CCAB849AB4A}.Debug|x86.Build.0 = Debug|Win32
		{7A9049E8-B8D2-4831-8884-5CCAB849AB4A}.Release|x64.ActiveCfg = Release|x64
		{7A9049E8-B8D2-4831-8884-5CCAB849AB4A}.Release|x64.Build.0 = Release|x64
		{7A9049E8-B8D2-4831-8884-5CCAB849AB4A}.Release|x86.ActiveCfg = Release|Win32
		{7A9049E8-B8D2-4831-8884-5CCAB849AB4A}.Release|x86.Build.0 = Release|Win32
		{9A32B14C-96A0-4625-9294-64C960F4ECDE}.Debug|x64.ActiveCfg = Debug|x64
		{9A32B14C-96A0-4625-9294-64C960F4ECDE}.Debug|x64.Build.0 = Debug|x64
		{9A32B14C-96A0-4625-9294-64C960F4ECDE}.Debug|x86.ActiveCfg = Debug|Win32
		{9A32B14C-96A0-4625-9294-64C960F4ECDE}.Debug|x86.Build.0 = Debug|Win32
		{9A32B14C-96A0-4625-9294-64C960F4ECDE}.Release|x64.ActiveCfg = Release|x64
		{9A32B14C-96A0-4625-9294-64C960F4ECDE}.Release|x64.Build.0 = Release|x64
		{9A32B14C-96A0-4625-9294-64C960F4ECDE}.Release|x86.ActiveCfg = Release|Win32
		{9A32B14C-96A0-4625-9294-64C960F4ECDE}.Release|x86.Build.0 = Release|Win32
	EndGlobalSection
	GlobalSection(SolutionProperties) = preSolution
		HideSolutionNode = FALSE
	EndGlobalSection
	GlobalSection(ExtensibilityGlobals) = postSolution
		SolutionGuid = {564C52F8-B26C-4ABC-A0FC-70C74528926B}
	EndGlobalSection
EndGlobal
